// !$*UTF8*$!
{
	archiveVersion = 1;
	classes = {
	};
	objectVersion = 77;
	objects = {

/* Begin PBXBuildFile section */
		DA1AF6D12EF94574000AFB3A /* WidgetKit.framework in Frameworks */ = {isa = PBXBuildFile; fileRef = DA1AF6D02EF94574000AFB3A /* WidgetKit.framework */; };
		DA1AF6D32EF94574000AFB3A /* SwiftUI.framework in Frameworks */ = {isa = PBXBuildFile; fileRef = DA1AF6D22EF94574000AFB3A /* SwiftUI.framework */; };
		DA1AF6DE2EF94576000AFB3A /* WateryWidgetExtension.appex in Embed Foundation Extensions */ = {isa = PBXBuildFile; fileRef = DA1AF6CE2EF94574000AFB3A /* WateryWidgetExtension.appex */; settings = {ATTRIBUTES = (RemoveHeadersOnCopy, ); }; };
		DA8611502EFD2FB0007AF765 /* Confetti3D in Frameworks */ = {isa = PBXBuildFile; productRef = DA86114F2EFD2FB0007AF765 /* Confetti3D */; };
/* End PBXBuildFile section */

/* Begin PBXContainerItemProxy section */
		DA1AF6DC2EF94576000AFB3A /* PBXContainerItemProxy */ = {
			isa = PBXContainerItemProxy;
			containerPortal = DA1AF2B12EF40E9F000AFB3A /* Project object */;
			proxyType = 1;
			remoteGlobalIDString = DA1AF6CD2EF94574000AFB3A;
			remoteInfo = WateryWidgetExtension;
		};
/* End PBXContainerItemProxy section */

/* Begin PBXCopyFilesBuildPhase section */
		DA1AF6DF2EF94576000AFB3A /* Embed Foundation Extensions */ = {
			isa = PBXCopyFilesBuildPhase;
			buildActionMask = 2147483647;
			dstPath = "";
			dstSubfolderSpec = 13;
			files = (
				DA1AF6DE2EF94576000AFB3A /* WateryWidgetExtension.appex in Embed Foundation Extensions */,
			);
			name = "Embed Foundation Extensions";
			runOnlyForDeploymentPostprocessing = 0;
		};
/* End PBXCopyFilesBuildPhase section */

/* Begin PBXFileReference section */
		DA1AF2B92EF40EA0000AFB3A /* WateryWatWat.app */ = {isa = PBXFileReference; explicitFileType = wrapper.application; includeInIndex = 0; path = WateryWatWat.app; sourceTree = BUILT_PRODUCTS_DIR; };
		DA1AF6CE2EF94574000AFB3A /* WateryWidgetExtension.appex */ = {isa = PBXFileReference; explicitFileType = "wrapper.app-extension"; includeInIndex = 0; path = WateryWidgetExtension.appex; sourceTree = BUILT_PRODUCTS_DIR; };
		DA1AF6D02EF94574000AFB3A /* WidgetKit.framework */ = {isa = PBXFileReference; lastKnownFileType = wrapper.framework; name = WidgetKit.framework; path = System/Library/Frameworks/WidgetKit.framework; sourceTree = SDKROOT; };
		DA1AF6D22EF94574000AFB3A /* SwiftUI.framework */ = {isa = PBXFileReference; lastKnownFileType = wrapper.framework; name = SwiftUI.framework; path = System/Library/Frameworks/SwiftUI.framework; sourceTree = SDKROOT; };
		DA1AF6E82EF94D67000AFB3A /* WateryWidgetExtension.entitlements */ = {isa = PBXFileReference; lastKnownFileType = text.plist.entitlements; path = WateryWidgetExtension.entitlements; sourceTree = "<group>"; };
/* End PBXFileReference section */

/* Begin PBXFileSystemSynchronizedBuildFileExceptionSet section */
		DA1AF2C92EF40EA1000AFB3A /* Exceptions for "WateryWatWat" folder in "WateryWatWat" target */ = {
			isa = PBXFileSystemSynchronizedBuildFileExceptionSet;
			membershipExceptions = (
				Info.plist,
			);
			target = DA1AF2B82EF40EA0000AFB3A /* WateryWatWat */;
		};
		DA1AF6E32EF94576000AFB3A /* Exceptions for "WateryWidget" folder in "WateryWidgetExtension" target */ = {
			isa = PBXFileSystemSynchronizedBuildFileExceptionSet;
			membershipExceptions = (
				Info.plist,
			);
			target = DA1AF6CD2EF94574000AFB3A /* WateryWidgetExtension */;
		};
		DA1AF6E52EF947BA000AFB3A /* Exceptions for "WateryWatWat" folder in "WateryWidgetExtension" target */ = {
			isa = PBXFileSystemSynchronizedBuildFileExceptionSet;
			membershipExceptions = (
				Constants.swift,
				"Extensions/Int64+.swift",
				Extensions/VolumeFormatter.swift,
				Persistence.swift,
				Views/CircularProgressView.swift,
				WateryWatWat.xcdatamodeld,
			);
			target = DA1AF6CD2EF94574000AFB3A /* WateryWidgetExtension */;
		};
		DA1AF6E72EF947D1000AFB3A /* Exceptions for "WateryWidget" folder in "WateryWatWat" target */ = {
			isa = PBXFileSystemSynchronizedBuildFileExceptionSet;
			membershipExceptions = (
				WateryWidget.swift,
			);
			target = DA1AF2B82EF40EA0000AFB3A /* WateryWatWat */;
		};
/* End PBXFileSystemSynchronizedBuildFileExceptionSet section */

/* Begin PBXFileSystemSynchronizedRootGroup section */
		DA1AF2BB2EF40EA0000AFB3A /* WateryWatWat */ = {
			isa = PBXFileSystemSynchronizedRootGroup;
			exceptions = (
				DA1AF2C92EF40EA1000AFB3A /* Exceptions for "WateryWatWat" folder in "WateryWatWat" target */,
				DA1AF6E52EF947BA000AFB3A /* Exceptions for "WateryWatWat" folder in "WateryWidgetExtension" target */,
			);
			path = WateryWatWat;
			sourceTree = "<group>";
		};
		DA1AF6D42EF94574000AFB3A /* WateryWidget */ = {
			isa = PBXFileSystemSynchronizedRootGroup;
			exceptions = (
				DA1AF6E72EF947D1000AFB3A /* Exceptions for "WateryWidget" folder in "WateryWatWat" target */,
				DA1AF6E32EF94576000AFB3A /* Exceptions for "WateryWidget" folder in "WateryWidgetExtension" target */,
			);
			path = WateryWidget;
			sourceTree = "<group>";
		};
/* End PBXFileSystemSynchronizedRootGroup section */

/* Begin PBXFrameworksBuildPhase section */
		DA1AF2B62EF40EA0000AFB3A /* Frameworks */ = {
			isa = PBXFrameworksBuildPhase;
			buildActionMask = 2147483647;
			files = (
				DA8611502EFD2FB0007AF765 /* Confetti3D in Frameworks */,
			);
			runOnlyForDeploymentPostprocessing = 0;
		};
		DA1AF6CB2EF94574000AFB3A /* Frameworks */ = {
			isa = PBXFrameworksBuildPhase;
			buildActionMask = 2147483647;
			files = (
				DA1AF6D32EF94574000AFB3A /* SwiftUI.framework in Frameworks */,
				DA1AF6D12EF94574000AFB3A /* WidgetKit.framework in Frameworks */,
			);
			runOnlyForDeploymentPostprocessing = 0;
		};
/* End PBXFrameworksBuildPhase section */

/* Begin PBXGroup section */
		DA1AF2B02EF40E9F000AFB3A = {
			isa = PBXGroup;
			children = (
				DA1AF6E82EF94D67000AFB3A /* WateryWidgetExtension.entitlements */,
				DA1AF2BB2EF40EA0000AFB3A /* WateryWatWat */,
				DA1AF6D42EF94574000AFB3A /* WateryWidget */,
				DA1AF6CF2EF94574000AFB3A /* Frameworks */,
				DA1AF2BA2EF40EA0000AFB3A /* Products */,
			);
			sourceTree = "<group>";
		};
		DA1AF2BA2EF40EA0000AFB3A /* Products */ = {
			isa = PBXGroup;
			children = (
				DA1AF2B92EF40EA0000AFB3A /* WateryWatWat.app */,
				DA1AF6CE2EF94574000AFB3A /* WateryWidgetExtension.appex */,
			);
			name = Products;
			sourceTree = "<group>";
		};
		DA1AF6CF2EF94574000AFB3A /* Frameworks */ = {
			isa = PBXGroup;
			children = (
				DA1AF6D02EF94574000AFB3A /* WidgetKit.framework */,
				DA1AF6D22EF94574000AFB3A /* SwiftUI.framework */,
			);
			name = Frameworks;
			sourceTree = "<group>";
		};
/* End PBXGroup section */

/* Begin PBXNativeTarget section */
		DA1AF2B82EF40EA0000AFB3A /* WateryWatWat */ = {
			isa = PBXNativeTarget;
			buildConfigurationList = DA1AF2CA2EF40EA1000AFB3A /* Build configuration list for PBXNativeTarget "WateryWatWat" */;
			buildPhases = (
				DA1AF2B52EF40EA0000AFB3A /* Sources */,
				DA1AF2B62EF40EA0000AFB3A /* Frameworks */,
				DA1AF2B72EF40EA0000AFB3A /* Resources */,
				DA1AF6DF2EF94576000AFB3A /* Embed Foundation Extensions */,
			);
			buildRules = (
			);
			dependencies = (
				DA1AF6DD2EF94576000AFB3A /* PBXTargetDependency */,
			);
			fileSystemSynchronizedGroups = (
				DA1AF2BB2EF40EA0000AFB3A /* WateryWatWat */,
			);
			name = WateryWatWat;
			packageProductDependencies = (
				DA86114F2EFD2FB0007AF765 /* Confetti3D */,
			);
			productName = WateryWatWat;
			productReference = DA1AF2B92EF40EA0000AFB3A /* WateryWatWat.app */;
			productType = "com.apple.product-type.application";
		};
		DA1AF6CD2EF94574000AFB3A /* WateryWidgetExtension */ = {
			isa = PBXNativeTarget;
			buildConfigurationList = DA1AF6E22EF94576000AFB3A /* Build configuration list for PBXNativeTarget "WateryWidgetExtension" */;
			buildPhases = (
				DA1AF6CA2EF94574000AFB3A /* Sources */,
				DA1AF6CB2EF94574000AFB3A /* Frameworks */,
				DA1AF6CC2EF94574000AFB3A /* Resources */,
			);
			buildRules = (
			);
			dependencies = (
			);
			fileSystemSynchronizedGroups = (
				DA1AF6D42EF94574000AFB3A /* WateryWidget */,
			);
			name = WateryWidgetExtension;
			packageProductDependencies = (
			);
			productName = WateryWidgetExtension;
			productReference = DA1AF6CE2EF94574000AFB3A /* WateryWidgetExtension.appex */;
			productType = "com.apple.product-type.app-extension";
		};
/* End PBXNativeTarget section */

/* Begin PBXProject section */
		DA1AF2B12EF40E9F000AFB3A /* Project object */ = {
			isa = PBXProject;
			attributes = {
				BuildIndependentTargetsInParallel = 1;
				LastSwiftUpdateCheck = 2600;
				LastUpgradeCheck = 2600;
				TargetAttributes = {
					DA1AF2B82EF40EA0000AFB3A = {
						CreatedOnToolsVersion = 26.0;
					};
					DA1AF6CD2EF94574000AFB3A = {
						CreatedOnToolsVersion = 26.0;
					};
				};
			};
			buildConfigurationList = DA1AF2B42EF40E9F000AFB3A /* Build configuration list for PBXProject "WateryWatWat" */;
			developmentRegion = en;
			hasScannedForEncodings = 0;
			knownRegions = (
				en,
				Base,
				ar,
				"zh-Hans",
				es,
				ru,
				pt,
			);
			mainGroup = DA1AF2B02EF40E9F000AFB3A;
			minimizedProjectReferenceProxies = 1;
			packageReferences = (
				DA86114E2EFD2FB0007AF765 /* XCRemoteSwiftPackageReference "Confetti3D" */,
			);
			preferredProjectObjectVersion = 77;
			productRefGroup = DA1AF2BA2EF40EA0000AFB3A /* Products */;
			projectDirPath = "";
			projectRoot = "";
			targets = (
				DA1AF2B82EF40EA0000AFB3A /* WateryWatWat */,
				DA1AF6CD2EF94574000AFB3A /* WateryWidgetExtension */,
			);
		};
/* End PBXProject section */

/* Begin PBXResourcesBuildPhase section */
		DA1AF2B72EF40EA0000AFB3A /* Resources */ = {
			isa = PBXResourcesBuildPhase;
			buildActionMask = 2147483647;
			files = (
			);
			runOnlyForDeploymentPostprocessing = 0;
		};
		DA1AF6CC2EF94574000AFB3A /* Resources */ = {
			isa = PBXResourcesBuildPhase;
			buildActionMask = 2147483647;
			files = (
			);
			runOnlyForDeploymentPostprocessing = 0;
		};
/* End PBXResourcesBuildPhase section */

/* Begin PBXSourcesBuildPhase section */
		DA1AF2B52EF40EA0000AFB3A /* Sources */ = {
			isa = PBXSourcesBuildPhase;
			buildActionMask = 2147483647;
			files = (
			);
			runOnlyForDeploymentPostprocessing = 0;
		};
		DA1AF6CA2EF94574000AFB3A /* Sources */ = {
			isa = PBXSourcesBuildPhase;
			buildActionMask = 2147483647;
			files = (
			);
			runOnlyForDeploymentPostprocessing = 0;
		};
/* End PBXSourcesBuildPhase section */

/* Begin PBXTargetDependency section */
		DA1AF6DD2EF94576000AFB3A /* PBXTargetDependency */ = {
			isa = PBXTargetDependency;
			target = DA1AF6CD2EF94574000AFB3A /* WateryWidgetExtension */;
			targetProxy = DA1AF6DC2EF94576000AFB3A /* PBXContainerItemProxy */;
		};
/* End PBXTargetDependency section */

/* Begin XCBuildConfiguration section */
		DA1AF2CB2EF40EA1000AFB3A /* Debug */ = {
			isa = XCBuildConfiguration;
			buildSettings = {
				ASSETCATALOG_COMPILER_APPICON_NAME = AppIcon;
				ASSETCATALOG_COMPILER_GLOBAL_ACCENT_COLOR_NAME = AccentColor;
				CODE_SIGN_ENTITLEMENTS = WateryWatWat/WateryWatWat.entitlements;
				CODE_SIGN_IDENTITY = "Apple Development";
				CODE_SIGN_STYLE = Automatic;
				CURRENT_PROJECT_VERSION = 22;
				DEVELOPMENT_TEAM = 82J963PT85;
				ENABLE_APP_SANDBOX = YES;
				ENABLE_HARDENED_RUNTIME = YES;
				ENABLE_PREVIEWS = YES;
				ENABLE_USER_SELECTED_FILES = readonly;
				GENERATE_INFOPLIST_FILE = YES;
				INFOPLIST_FILE = WateryWatWat/Info.plist;
				"INFOPLIST_KEY_UIApplicationSceneManifest_Generation[sdk=iphoneos*]" = YES;
				"INFOPLIST_KEY_UIApplicationSceneManifest_Generation[sdk=iphonesimulator*]" = YES;
				"INFOPLIST_KEY_UIApplicationSupportsIndirectInputEvents[sdk=iphoneos*]" = YES;
				"INFOPLIST_KEY_UIApplicationSupportsIndirectInputEvents[sdk=iphonesimulator*]" = YES;
				"INFOPLIST_KEY_UILaunchScreen_Generation[sdk=iphoneos*]" = YES;
				"INFOPLIST_KEY_UILaunchScreen_Generation[sdk=iphonesimulator*]" = YES;
				"INFOPLIST_KEY_UIStatusBarStyle[sdk=iphoneos*]" = UIStatusBarStyleDefault;
				"INFOPLIST_KEY_UIStatusBarStyle[sdk=iphonesimulator*]" = UIStatusBarStyleDefault;
				INFOPLIST_KEY_UISupportedInterfaceOrientations = UIInterfaceOrientationPortrait;
				INFOPLIST_KEY_UISupportedInterfaceOrientations_iPad = "UIInterfaceOrientationLandscapeLeft UIInterfaceOrientationLandscapeRight UIInterfaceOrientationPortrait UIInterfaceOrientationPortraitUpsideDown";
				IPHONEOS_DEPLOYMENT_TARGET = 26.0;
				LD_RUNPATH_SEARCH_PATHS = "@executable_path/Frameworks";
				"LD_RUNPATH_SEARCH_PATHS[sdk=macosx*]" = "@executable_path/../Frameworks";
				MACOSX_DEPLOYMENT_TARGET = 26.0;
				MARKETING_VERSION = 0.1;
				PRODUCT_BUNDLE_IDENTIFIER = com.chukavin.WateryWatWat;
				PRODUCT_NAME = "$(TARGET_NAME)";
				PROVISIONING_PROFILE_SPECIFIER = "";
				REGISTER_APP_GROUPS = YES;
				SDKROOT = auto;
				STRING_CATALOG_GENERATE_SYMBOLS = YES;
				SUPPORTED_PLATFORMS = "iphoneos iphonesimulator macosx";
				SUPPORTS_MACCATALYST = NO;
				SWIFT_APPROACHABLE_CONCURRENCY = YES;
				SWIFT_DEFAULT_ACTOR_ISOLATION = MainActor;
				SWIFT_EMIT_LOC_STRINGS = YES;
				SWIFT_UPCOMING_FEATURE_MEMBER_IMPORT_VISIBILITY = YES;
				SWIFT_VERSION = 5.0;
				TARGETED_DEVICE_FAMILY = "1,2";
				XROS_DEPLOYMENT_TARGET = 26.0;
			};
			name = Debug;
		};
		DA1AF2CC2EF40EA1000AFB3A /* Release */ = {
			isa = XCBuildConfiguration;
			buildSettings = {
				ASSETCATALOG_COMPILER_APPICON_NAME = AppIcon;
				ASSETCATALOG_COMPILER_GLOBAL_ACCENT_COLOR_NAME = AccentColor;
				CODE_SIGN_ENTITLEMENTS = WateryWatWat/WateryWatWat.entitlements;
				CODE_SIGN_IDENTITY = "Apple Development";
				CODE_SIGN_STYLE = Automatic;
				CURRENT_PROJECT_VERSION = 22;
				DEVELOPMENT_TEAM = 82J963PT85;
				ENABLE_APP_SANDBOX = YES;
				ENABLE_HARDENED_RUNTIME = YES;
				ENABLE_PREVIEWS = YES;
				ENABLE_USER_SELECTED_FILES = readonly;
				GENERATE_INFOPLIST_FILE = YES;
				INFOPLIST_FILE = WateryWatWat/Info.plist;
				"INFOPLIST_KEY_UIApplicationSceneManifest_Generation[sdk=iphoneos*]" = YES;
				"INFOPLIST_KEY_UIApplicationSceneManifest_Generation[sdk=iphonesimulator*]" = YES;
				"INFOPLIST_KEY_UIApplicationSupportsIndirectInputEvents[sdk=iphoneos*]" = YES;
				"INFOPLIST_KEY_UIApplicationSupportsIndirectInputEvents[sdk=iphonesimulator*]" = YES;
				"INFOPLIST_KEY_UILaunchScreen_Generation[sdk=iphoneos*]" = YES;
				"INFOPLIST_KEY_UILaunchScreen_Generation[sdk=iphonesimulator*]" = YES;
				"INFOPLIST_KEY_UIStatusBarStyle[sdk=iphoneos*]" = UIStatusBarStyleDefault;
				"INFOPLIST_KEY_UIStatusBarStyle[sdk=iphonesimulator*]" = UIStatusBarStyleDefault;
				INFOPLIST_KEY_UISupportedInterfaceOrientations = UIInterfaceOrientationPortrait;
				INFOPLIST_KEY_UISupportedInterfaceOrientations_iPad = "UIInterfaceOrientationLandscapeLeft UIInterfaceOrientationLandscapeRight UIInterfaceOrientationPortrait UIInterfaceOrientationPortraitUpsideDown";
				IPHONEOS_DEPLOYMENT_TARGET = 26.0;
				LD_RUNPATH_SEARCH_PATHS = "@executable_path/Frameworks";
				"LD_RUNPATH_SEARCH_PATHS[sdk=macosx*]" = "@executable_path/../Frameworks";
				MACOSX_DEPLOYMENT_TARGET = 26.0;
				MARKETING_VERSION = 0.1;
				PRODUCT_BUNDLE_IDENTIFIER = com.chukavin.WateryWatWat;
				PRODUCT_NAME = "$(TARGET_NAME)";
				PROVISIONING_PROFILE_SPECIFIER = "";
				REGISTER_APP_GROUPS = YES;
				SDKROOT = auto;
				STRING_CATALOG_GENERATE_SYMBOLS = YES;
				SUPPORTED_PLATFORMS = "iphoneos iphonesimulator macosx";
				SUPPORTS_MACCATALYST = NO;
				SWIFT_APPROACHABLE_CONCURRENCY = YES;
				SWIFT_DEFAULT_ACTOR_ISOLATION = MainActor;
				SWIFT_EMIT_LOC_STRINGS = YES;
				SWIFT_UPCOMING_FEATURE_MEMBER_IMPORT_VISIBILITY = YES;
				SWIFT_VERSION = 5.0;
				TARGETED_DEVICE_FAMILY = "1,2";
				XROS_DEPLOYMENT_TARGET = 26.0;
			};
			name = Release;
		};
		DA1AF2CD2EF40EA1000AFB3A /* Debug */ = {
			isa = XCBuildConfiguration;
			buildSettings = {
				ALWAYS_SEARCH_USER_PATHS = NO;
				ASSETCATALOG_COMPILER_GENERATE_SWIFT_ASSET_SYMBOL_EXTENSIONS = YES;
				CLANG_ANALYZER_NONNULL = YES;
				CLANG_ANALYZER_NUMBER_OBJECT_CONVERSION = YES_AGGRESSIVE;
				CLANG_CXX_LANGUAGE_STANDARD = "gnu++20";
				CLANG_ENABLE_MODULES = YES;
				CLANG_ENABLE_OBJC_ARC = YES;
				CLANG_ENABLE_OBJC_WEAK = YES;
				CLANG_WARN_BLOCK_CAPTURE_AUTORELEASING = YES;
				CLANG_WARN_BOOL_CONVERSION = YES;
				CLANG_WARN_COMMA = YES;
				CLANG_WARN_CONSTANT_CONVERSION = YES;
				CLANG_WARN_DEPRECATED_OBJC_IMPLEMENTATIONS = YES;
				CLANG_WARN_DIRECT_OBJC_ISA_USAGE = YES_ERROR;
				CLANG_WARN_DOCUMENTATION_COMMENTS = YES;
				CLANG_WARN_EMPTY_BODY = YES;
				CLANG_WARN_ENUM_CONVERSION = YES;
				CLANG_WARN_INFINITE_RECURSION = YES;
				CLANG_WARN_INT_CONVERSION = YES;
				CLANG_WARN_NON_LITERAL_NULL_CONVERSION = YES;
				CLANG_WARN_OBJC_IMPLICIT_RETAIN_SELF = YES;
				CLANG_WARN_OBJC_LITERAL_CONVERSION = YES;
				CLANG_WARN_OBJC_ROOT_CLASS = YES_ERROR;
				CLANG_WARN_QUOTED_INCLUDE_IN_FRAMEWORK_HEADER = YES;
				CLANG_WARN_RANGE_LOOP_ANALYSIS = YES;
				CLANG_WARN_STRICT_PROTOTYPES = YES;
				CLANG_WARN_SUSPICIOUS_MOVE = YES;
				CLANG_WARN_UNGUARDED_AVAILABILITY = YES_AGGRESSIVE;
				CLANG_WARN_UNREACHABLE_CODE = YES;
				CLANG_WARN__DUPLICATE_METHOD_MATCH = YES;
				COPY_PHASE_STRIP = NO;
				DEBUG_INFORMATION_FORMAT = dwarf;
				DEVELOPMENT_TEAM = 82J963PT85;
				ENABLE_STRICT_OBJC_MSGSEND = YES;
				ENABLE_TESTABILITY = YES;
				ENABLE_USER_SCRIPT_SANDBOXING = YES;
				GCC_C_LANGUAGE_STANDARD = gnu17;
				GCC_DYNAMIC_NO_PIC = NO;
				GCC_NO_COMMON_BLOCKS = YES;
				GCC_OPTIMIZATION_LEVEL = 0;
				GCC_PREPROCESSOR_DEFINITIONS = (
					"DEBUG=1",
					"$(inherited)",
				);
				GCC_WARN_64_TO_32_BIT_CONVERSION = YES;
				GCC_WARN_ABOUT_RETURN_TYPE = YES_ERROR;
				GCC_WARN_UNDECLARED_SELECTOR = YES;
				GCC_WARN_UNINITIALIZED_AUTOS = YES_AGGRESSIVE;
				GCC_WARN_UNUSED_FUNCTION = YES;
				GCC_WARN_UNUSED_VARIABLE = YES;
				LOCALIZATION_PREFERS_STRING_CATALOGS = YES;
				MTL_ENABLE_DEBUG_INFO = INCLUDE_SOURCE;
				MTL_FAST_MATH = YES;
				ONLY_ACTIVE_ARCH = YES;
				SWIFT_ACTIVE_COMPILATION_CONDITIONS = "DEBUG $(inherited)";
				SWIFT_OPTIMIZATION_LEVEL = "-Onone";
			};
			name = Debug;
		};
		DA1AF2CE2EF40EA1000AFB3A /* Release */ = {
			isa = XCBuildConfiguration;
			buildSettings = {
				ALWAYS_SEARCH_USER_PATHS = NO;
				ASSETCATALOG_COMPILER_GENERATE_SWIFT_ASSET_SYMBOL_EXTENSIONS = YES;
				CLANG_ANALYZER_NONNULL = YES;
				CLANG_ANALYZER_NUMBER_OBJECT_CONVERSION = YES_AGGRESSIVE;
				CLANG_CXX_LANGUAGE_STANDARD = "gnu++20";
				CLANG_ENABLE_MODULES = YES;
				CLANG_ENABLE_OBJC_ARC = YES;
				CLANG_ENABLE_OBJC_WEAK = YES;
				CLANG_WARN_BLOCK_CAPTURE_AUTORELEASING = YES;
				CLANG_WARN_BOOL_CONVERSION = YES;
				CLANG_WARN_COMMA = YES;
				CLANG_WARN_CONSTANT_CONVERSION = YES;
				CLANG_WARN_DEPRECATED_OBJC_IMPLEMENTATIONS = YES;
				CLANG_WARN_DIRECT_OBJC_ISA_USAGE = YES_ERROR;
				CLANG_WARN_DOCUMENTATION_COMMENTS = YES;
				CLANG_WARN_EMPTY_BODY = YES;
				CLANG_WARN_ENUM_CONVERSION = YES;
				CLANG_WARN_INFINITE_RECURSION = YES;
				CLANG_WARN_INT_CONVERSION = YES;
				CLANG_WARN_NON_LITERAL_NULL_CONVERSION = YES;
				CLANG_WARN_OBJC_IMPLICIT_RETAIN_SELF = YES;
				CLANG_WARN_OBJC_LITERAL_CONVERSION = YES;
				CLANG_WARN_OBJC_ROOT_CLASS = YES_ERROR;
				CLANG_WARN_QUOTED_INCLUDE_IN_FRAMEWORK_HEADER = YES;
				CLANG_WARN_RANGE_LOOP_ANALYSIS = YES;
				CLANG_WARN_STRICT_PROTOTYPES = YES;
				CLANG_WARN_SUSPICIOUS_MOVE = YES;
				CLANG_WARN_UNGUARDED_AVAILABILITY = YES_AGGRESSIVE;
				CLANG_WARN_UNREACHABLE_CODE = YES;
				CLANG_WARN__DUPLICATE_METHOD_MATCH = YES;
				COPY_PHASE_STRIP = NO;
				DEBUG_INFORMATION_FORMAT = "dwarf-with-dsym";
				DEVELOPMENT_TEAM = 82J963PT85;
				ENABLE_NS_ASSERTIONS = NO;
				ENABLE_STRICT_OBJC_MSGSEND = YES;
				ENABLE_USER_SCRIPT_SANDBOXING = YES;
				GCC_C_LANGUAGE_STANDARD = gnu17;
				GCC_NO_COMMON_BLOCKS = YES;
				GCC_WARN_64_TO_32_BIT_CONVERSION = YES;
				GCC_WARN_ABOUT_RETURN_TYPE = YES_ERROR;
				GCC_WARN_UNDECLARED_SELECTOR = YES;
				GCC_WARN_UNINITIALIZED_AUTOS = YES_AGGRESSIVE;
				GCC_WARN_UNUSED_FUNCTION = YES;
				GCC_WARN_UNUSED_VARIABLE = YES;
				LOCALIZATION_PREFERS_STRING_CATALOGS = YES;
				MTL_ENABLE_DEBUG_INFO = NO;
				MTL_FAST_MATH = YES;
				SWIFT_COMPILATION_MODE = wholemodule;
			};
			name = Release;
		};
		DA1AF6E02EF94576000AFB3A /* Debug */ = {
			isa = XCBuildConfiguration;
			buildSettings = {
				ASSETCATALOG_COMPILER_GLOBAL_ACCENT_COLOR_NAME = AccentColor;
				ASSETCATALOG_COMPILER_WIDGET_BACKGROUND_COLOR_NAME = WidgetBackground;
				CODE_SIGN_ENTITLEMENTS = WateryWidgetExtension.entitlements;
				CODE_SIGN_IDENTITY = "Apple Development";
				CODE_SIGN_STYLE = Automatic;
				CURRENT_PROJECT_VERSION = 22;
				DEVELOPMENT_TEAM = 82J963PT85;
				GENERATE_INFOPLIST_FILE = YES;
				INFOPLIST_FILE = WateryWidget/Info.plist;
				INFOPLIST_KEY_CFBundleDisplayName = WateryWidget;
				INFOPLIST_KEY_NSHumanReadableCopyright = "";
				IPHONEOS_DEPLOYMENT_TARGET = 26.0;
				LD_RUNPATH_SEARCH_PATHS = (
					"$(inherited)",
					"@executable_path/Frameworks",
					"@executable_path/../../Frameworks",
				);
				MARKETING_VERSION = 1.0;
				PRODUCT_BUNDLE_IDENTIFIER = com.chukavin.WateryWatWat.WateryWidget;
				PRODUCT_NAME = "$(TARGET_NAME)";
				PROVISIONING_PROFILE_SPECIFIER = "";
				SDKROOT = iphoneos;
				SKIP_INSTALL = YES;
				STRING_CATALOG_GENERATE_SYMBOLS = YES;
				SWIFT_APPROACHABLE_CONCURRENCY = YES;
				SWIFT_EMIT_LOC_STRINGS = YES;
				SWIFT_UPCOMING_FEATURE_MEMBER_IMPORT_VISIBILITY = YES;
				SWIFT_VERSION = 5.0;
				TARGETED_DEVICE_FAMILY = "1,2";
			};
			name = Debug;
		};
		DA1AF6E12EF94576000AFB3A /* Release */ = {
			isa = XCBuildConfiguration;
			buildSettings = {
				ASSETCATALOG_COMPILER_GLOBAL_ACCENT_COLOR_NAME = AccentColor;
				ASSETCATALOG_COMPILER_WIDGET_BACKGROUND_COLOR_NAME = WidgetBackground;
				CODE_SIGN_ENTITLEMENTS = WateryWidgetExtension.entitlements;
				CODE_SIGN_IDENTITY = "Apple Development";
				CODE_SIGN_STYLE = Automatic;
				CURRENT_PROJECT_VERSION = 22;
				DEVELOPMENT_TEAM = 82J963PT85;
				GENERATE_INFOPLIST_FILE = YES;
				INFOPLIST_FILE = WateryWidget/Info.plist;
				INFOPLIST_KEY_CFBundleDisplayName = WateryWidget;
				INFOPLIST_KEY_NSHumanReadableCopyright = "";
				IPHONEOS_DEPLOYMENT_TARGET = 26.0;
				LD_RUNPATH_SEARCH_PATHS = (
					"$(inherited)",
					"@executable_path/Frameworks",
					"@executable_path/../../Frameworks",
				);
				MARKETING_VERSION = 1.0;
				PRODUCT_BUNDLE_IDENTIFIER = com.chukavin.WateryWatWat.WateryWidget;
				PRODUCT_NAME = "$(TARGET_NAME)";
				PROVISIONING_PROFILE_SPECIFIER = "";
				SDKROOT = iphoneos;
				SKIP_INSTALL = YES;
				STRING_CATALOG_GENERATE_SYMBOLS = YES;
				SWIFT_APPROACHABLE_CONCURRENCY = YES;
				SWIFT_EMIT_LOC_STRINGS = YES;
				SWIFT_UPCOMING_FEATURE_MEMBER_IMPORT_VISIBILITY = YES;
				SWIFT_VERSION = 5.0;
				TARGETED_DEVICE_FAMILY = "1,2";
				VALIDATE_PRODUCT = YES;
			};
			name = Release;
		};
/* End XCBuildConfiguration section */

/* Begin XCConfigurationList section */
		DA1AF2B42EF40E9F000AFB3A /* Build configuration list for PBXProject "WateryWatWat" */ = {
			isa = XCConfigurationList;
			buildConfigurations = (
				DA1AF2CD2EF40EA1000AFB3A /* Debug */,
				DA1AF2CE2EF40EA1000AFB3A /* Release */,
			);
			defaultConfigurationIsVisible = 0;
			defaultConfigurationName = Release;
		};
		DA1AF2CA2EF40EA1000AFB3A /* Build configuration list for PBXNativeTarget "WateryWatWat" */ = {
			isa = XCConfigurationList;
			buildConfigurations = (
				DA1AF2CB2EF40EA1000AFB3A /* Debug */,
				DA1AF2CC2EF40EA1000AFB3A /* Release */,
			);
			defaultConfigurationIsVisible = 0;
			defaultConfigurationName = Release;
		};
		DA1AF6E22EF94576000AFB3A /* Build configuration list for PBXNativeTarget "WateryWidgetExtension" */ = {
			isa = XCConfigurationList;
			buildConfigurations = (
				DA1AF6E02EF94576000AFB3A /* Debug */,
				DA1AF6E12EF94576000AFB3A /* Release */,
			);
			defaultConfigurationIsVisible = 0;
			defaultConfigurationName = Release;
		};
/* End XCConfigurationList section */

/* Begin XCRemoteSwiftPackageReference section */
		DA86114E2EFD2FB0007AF765 /* XCRemoteSwiftPackageReference "Confetti3D" */ = {
			isa = XCRemoteSwiftPackageReference;
			repositoryURL = "https://github.com/maxime-day/Confetti3D.git";
			requirement = {
				kind = upToNextMajorVersion;
				minimumVersion = 1.0.5;
			};
		};
/* End XCRemoteSwiftPackageReference section */

/* Begin XCSwiftPackageProductDependency section */
		DA86114F2EFD2FB0007AF765 /* Confetti3D */ = {
			isa = XCSwiftPackageProductDependency;
			package = DA86114E2EFD2FB0007AF765 /* XCRemoteSwiftPackageReference "Confetti3D" */;
			productName = Confetti3D;
		};
/* End XCSwiftPackageProductDependency section */
	};
	rootObject = DA1AF2B12EF40E9F000AFB3A /* Project object */;
}
